# THIS IS AN AUTOGENERATED FILE. DO NOT EDIT THIS FILE DIRECTLY.
# yarn lockfile v1


align-text@^0.1.1, align-text@^0.1.3:
  version "0.1.4"
  resolved "http://leon.scand:4873/align-text/-/align-text-0.1.4.tgz#0cd90a561093f35d0a99256c22b7069433fad117"
  dependencies:
    kind-of "^3.0.2"
    longest "^1.0.1"
    repeat-string "^1.5.2"

amdefine@>=0.0.4:
  version "1.0.1"
  resolved "http://leon.scand:4873/amdefine/-/amdefine-1.0.1.tgz#4a5282ac164729e93619bcfd3ad151f817ce91f5"

archiver@0.14.2:
  version "0.14.2"
  resolved "http://leon.scand:4873/archiver/-/archiver-0.14.2.tgz#1df74d263c05cd5e6c300295ae6a600bd0734916"
  dependencies:
    async "~0.9.0"
    buffer-crc32 "~0.2.1"
    glob "~4.3.0"
    lazystream "~0.1.0"
    lodash "~2.4.1"
    readable-stream "~1.0.26"
    tar-stream "~1.1.0"
    zip-stream "~0.5.0"

async@^1.4.0:
  version "1.5.2"
  resolved "http://leon.scand:4873/async/-/async-1.5.2.tgz#ec6a61ae56480c0c3cb241c95618e20892f9672a"

async@~0.9.0:
  version "0.9.2"
  resolved "http://leon.scand:4873/async/-/async-0.9.2.tgz#aea74d5e61c1f899613bf64bda66d4c78f2fd17d"

balanced-match@^0.4.1:
  version "0.4.2"
  resolved "http://leon.scand:4873/balanced-match/-/balanced-match-0.4.2.tgz#cb3f3e3c732dc0f01ee70b403f302e61d7709838"

bl@^0.9.0:
  version "0.9.5"
  resolved "http://leon.scand:4873/bl/-/bl-0.9.5.tgz#c06b797af085ea00bc527afc8efcf11de2232054"
  dependencies:
    readable-stream "~1.0.26"

brace-expansion@^1.0.0, brace-expansion@^1.1.7:
  version "1.1.7"
  resolved "http://leon.scand:4873/brace-expansion/-/brace-expansion-1.1.7.tgz#3effc3c50e000531fb720eaff80f0ae8ef23cf59"
  dependencies:
    balanced-match "^0.4.1"
    concat-map "0.0.1"

buffer-crc32@~0.2.1:
  version "0.2.13"
  resolved "http://leon.scand:4873/buffer-crc32/-/buffer-crc32-0.2.13.tgz#0d333e3f00eac50aa1454abd30ef8c2a5d9a7242"

camelcase@^1.0.2:
  version "1.2.1"
  resolved "http://leon.scand:4873/camelcase/-/camelcase-1.2.1.tgz#9bb5304d2e0b56698b2c758b08a3eaa9daa58a39"

center-align@^0.1.1:
  version "0.1.3"
  resolved "http://leon.scand:4873/center-align/-/center-align-0.1.3.tgz#aa0d32629b6ee972200411cbd4461c907bc2b7ad"
  dependencies:
    align-text "^0.1.3"
    lazy-cache "^1.0.3"

cliui@^2.1.0:
  version "2.1.0"
  resolved "http://leon.scand:4873/cliui/-/cliui-2.1.0.tgz#4b475760ff80264c762c3a1719032e91c7fea0d1"
  dependencies:
    center-align "^0.1.1"
    right-align "^0.1.1"
    wordwrap "0.0.2"

commander@2.9.0:
  version "2.9.0"
  resolved "http://leon.scand:4873/commander/-/commander-2.9.0.tgz#9c99094176e12240cb22d6c5146098400fe0f7d4"
  dependencies:
    graceful-readlink ">= 1.0.0"

compress-commons@~0.2.0:
  version "0.2.9"
  resolved "http://leon.scand:4873/compress-commons/-/compress-commons-0.2.9.tgz#422d927430c01abd06cd455b6dfc04cb4cf8003c"
  dependencies:
    buffer-crc32 "~0.2.1"
    crc32-stream "~0.3.1"
    node-int64 "~0.3.0"
    readable-stream "~1.0.26"

concat-map@0.0.1:
  version "0.0.1"
  resolved "http://leon.scand:4873/concat-map/-/concat-map-0.0.1.tgz#d8a96bd77fd68df7793a73036a3ba0d5405d477b"

core-util-is@~1.0.0:
  version "1.0.2"
  resolved "http://leon.scand:4873/core-util-is/-/core-util-is-1.0.2.tgz#b5fd54220aa2bc5ab57aab7140c940754503c1a7"

crc32-stream@~0.3.1:
  version "0.3.4"
  resolved "http://leon.scand:4873/crc32-stream/-/crc32-stream-0.3.4.tgz#73bc25b45fac1db6632231a7bfce8927e9f06552"
  dependencies:
    buffer-crc32 "~0.2.1"
    readable-stream "~1.0.24"

d@1:
  version "1.0.0"
  resolved "http://leon.scand:4873/d/-/d-1.0.0.tgz#754bb5bfe55451da69a58b94d45f4c5b0462d58f"
  dependencies:
    es5-ext "^0.10.9"

decamelize@^1.0.0:
  version "1.2.0"
  resolved "http://leon.scand:4873/decamelize/-/decamelize-1.2.0.tgz#f6534d15148269b20352e7bee26f501f9a191290"

end-of-stream@^1.0.0:
  version "1.4.0"
  resolved "http://leon.scand:4873/end-of-stream/-/end-of-stream-1.4.0.tgz#7a90d833efda6cfa6eac0f4949dbb0fad3a63206"
  dependencies:
    once "^1.4.0"

es5-ext@^0.10.12, es5-ext@^0.10.14, es5-ext@^0.10.7, es5-ext@^0.10.9, es5-ext@~0.10.14:
  version "0.10.21"
  resolved "http://leon.scand:4873/es5-ext/-/es5-ext-0.10.21.tgz#19a725f9e51d0300bbc1e8e821109fd9daf55925"
  dependencies:
    es6-iterator "2"
    es6-symbol "~3.1"

es6-iterator@2:
  version "2.0.1"
  resolved "http://leon.scand:4873/es6-iterator/-/es6-iterator-2.0.1.tgz#8e319c9f0453bf575d374940a655920e59ca5512"
  dependencies:
    d "1"
    es5-ext "^0.10.14"
    es6-symbol "^3.1"

es6-symbol@^3.1, es6-symbol@~3.1:
  version "3.1.1"
  resolved "http://leon.scand:4873/es6-symbol/-/es6-symbol-3.1.1.tgz#bf00ef4fdab6ba1b46ecb7b629b4c7ed5715cc77"
  dependencies:
    d "1"
    es5-ext "~0.10.14"

es6-template-strings@2.0.0:
  version "2.0.0"
  resolved "http://leon.scand:4873/es6-template-strings/-/es6-template-strings-2.0.0.tgz#35c80365efbbc1510fe7ca9f475967d546c169fc"
  dependencies:
    es5-ext "^0.10.7"
    esniff "1"

esniff@1:
  version "1.1.0"
  resolved "http://leon.scand:4873/esniff/-/esniff-1.1.0.tgz#c66849229f91464dede2e0d40201ed6abf65f2ac"
  dependencies:
    d "1"
    es5-ext "^0.10.12"

extend@^3.0.0:
  version "3.0.1"
  resolved "http://leon.scand:4873/extend/-/extend-3.0.1.tgz#a755ea7bc1adfcc5a31ce7e762dbaadc5e636444"

flat@2.0.1:
  version "2.0.1"
  resolved "http://leon.scand:4873/flat/-/flat-2.0.1.tgz#70e29188a74be0c3c89409eed1fa9577907ae32f"
  dependencies:
    is-buffer "~1.1.2"

fluid-publish@1.1.0:
  version "1.1.0"
  resolved "http://leon.scand:4873/fluid-publish/-/fluid-publish-1.1.0.tgz#5e57381d9bff4c13b89b07855963b95f55769a86"
  dependencies:
    es6-template-strings "2.0.0"
    extend "^3.0.0"

fs-extra@0.30.0:
  version "0.30.0"
  resolved "http://leon.scand:4873/fs-extra/-/fs-extra-0.30.0.tgz#f233ffcc08d4da7d432daa449776989db1df93f0"
  dependencies:
    graceful-fs "^4.1.2"
    jsonfile "^2.1.0"
    klaw "^1.0.0"
    path-is-absolute "^1.0.0"
    rimraf "^2.2.8"

fs.realpath@^1.0.0:
  version "1.0.0"
  resolved "http://leon.scand:4873/fs.realpath/-/fs.realpath-1.0.0.tgz#1504ad2523158caa40db4a2787cb01411994ea4f"

glob@7.1.0, glob@^7.0.5:
  version "7.1.0"
  resolved "http://leon.scand:4873/glob/-/glob-7.1.0.tgz#36add856d746d0d99e4cc2797bba1ae2c67272fd"
  dependencies:
    fs.realpath "^1.0.0"
    inflight "^1.0.4"
    inherits "2"
    minimatch "^3.0.2"
    once "^1.3.0"
    path-is-absolute "^1.0.0"

glob@~3.2.7:
  version "3.2.11"
  resolved "http://leon.scand:4873/glob/-/glob-3.2.11.tgz#4a973f635b9190f715d10987d5c00fd2815ebe3d"
  dependencies:
    inherits "2"
    minimatch "0.3"

glob@~4.3.0:
  version "4.3.5"
  resolved "http://leon.scand:4873/glob/-/glob-4.3.5.tgz#80fbb08ca540f238acce5d11d1e9bc41e75173d3"
  dependencies:
    inflight "^1.0.4"
    inherits "2"
    minimatch "^2.0.1"
    once "^1.3.0"

globule@0.2.0:
  version "0.2.0"
  resolved "http://leon.scand:4873/globule/-/globule-0.2.0.tgz#26b64d10e1edcab6098d8fe00bd2b73cca08a8fb"
  dependencies:
    glob "~3.2.7"
    lodash "~2.4.1"
    minimatch "~0.2.11"

graceful-fs@^4.1.2, graceful-fs@^4.1.6, graceful-fs@^4.1.9:
  version "4.1.11"
  resolved "http://leon.scand:4873/graceful-fs/-/graceful-fs-4.1.11.tgz#0e8bdfe4d1ddb8854d64e04ea7c00e2a026e5658"

"graceful-readlink@>= 1.0.0":
  version "1.0.1"
  resolved "http://leon.scand:4873/graceful-readlink/-/graceful-readlink-1.0.1.tgz#4cafad76bc62f02fa039b2f94e9a3dd3a391a725"

handlebars@4.0.5:
  version "4.0.5"
  resolved "http://leon.scand:4873/handlebars/-/handlebars-4.0.5.tgz#92c6ed6bb164110c50d4d8d0fbddc70806c6f8e7"
  dependencies:
    async "^1.4.0"
    optimist "^0.6.1"
    source-map "^0.4.4"
  optionalDependencies:
    uglify-js "^2.6"

homedir@0.6.0:
  version "0.6.0"
  resolved "http://leon.scand:4873/homedir/-/homedir-0.6.0.tgz#2b21db66bf08a6db38249a3eff52d7d18706af1e"

inflight@^1.0.4:
  version "1.0.6"
  resolved "http://leon.scand:4873/inflight/-/inflight-1.0.6.tgz#49bd6331d7d02d0c09bc910a1075ba8165b56df9"
  dependencies:
    once "^1.3.0"
    wrappy "1"

inherits@2, inherits@~2.0.1:
  version "2.0.3"
  resolved "http://leon.scand:4873/inherits/-/inherits-2.0.3.tgz#633c2c83e3da42a502f52466022480f4208261de"

is-buffer@^1.1.5, is-buffer@~1.1.2:
  version "1.1.5"
  resolved "http://leon.scand:4873/is-buffer/-/is-buffer-1.1.5.tgz#1f3b26ef613b214b88cbca23cc6c01d87961eecc"

isarray@0.0.1:
  version "0.0.1"
  resolved "http://leon.scand:4873/isarray/-/isarray-0.0.1.tgz#8a18acfca9a8f4177e09abfc6038939b05d1eedf"

jsonfile@^2.1.0:
  version "2.4.0"
  resolved "http://leon.scand:4873/jsonfile/-/jsonfile-2.4.0.tgz#3736a2b428b87bbda0cc83b53fa3d633a35c2ae8"
  optionalDependencies:
    graceful-fs "^4.1.6"

kind-of@^3.0.2:
  version "3.2.2"
  resolved "http://leon.scand:4873/kind-of/-/kind-of-3.2.2.tgz#31ea21a734bab9bbb0f32466d893aea51e4a3c64"
  dependencies:
    is-buffer "^1.1.5"

klaw@^1.0.0:
  version "1.3.1"
  resolved "http://leon.scand:4873/klaw/-/klaw-1.3.1.tgz#4088433b46b3b1ba259d78785d8e96f73ba02439"
  optionalDependencies:
    graceful-fs "^4.1.9"

lazy-cache@^1.0.3:
  version "1.0.4"
  resolved "http://leon.scand:4873/lazy-cache/-/lazy-cache-1.0.4.tgz#a1d78fc3a50474cb80845d3b3b6e1da49a446e8e"

lazystream@~0.1.0:
  version "0.1.0"
  resolved "http://leon.scand:4873/lazystream/-/lazystream-0.1.0.tgz#1b25d63c772a4c20f0a5ed0a9d77f484b6e16920"
  dependencies:
    readable-stream "~1.0.2"

lodash@4.13.1, lodash@^4.0.0:
  version "4.13.1"
  resolved "http://leon.scand:4873/lodash/-/lodash-4.13.1.tgz#83e4b10913f48496d4d16fec4a560af2ee744b68"

lodash@~2.4.1:
  version "2.4.2"
  resolved "http://leon.scand:4873/lodash/-/lodash-2.4.2.tgz#fadd834b9683073da179b3eae6d9c0d15053f73e"

lodash@~3.2.0:
  version "3.2.0"
  resolved "http://leon.scand:4873/lodash/-/lodash-3.2.0.tgz#4bf50a3243f9aeb0bac41a55d3d5990675a462fb"

longest@^1.0.1:
  version "1.0.1"
  resolved "http://leon.scand:4873/longest/-/longest-1.0.1.tgz#30a0b2da38f73770e8294a0d22e6625ed77d0097"

lru-cache@2:
  version "2.7.3"
  resolved "http://leon.scand:4873/lru-cache/-/lru-cache-2.7.3.tgz#6d4524e8b955f95d4f5b58851ce21dd72fb4e952"

minimatch@0.3:
  version "0.3.0"
  resolved "http://leon.scand:4873/minimatch/-/minimatch-0.3.0.tgz#275d8edaac4f1bb3326472089e7949c8394699dd"
  dependencies:
    lru-cache "2"
    sigmund "~1.0.0"

minimatch@^2.0.1:
  version "2.0.10"
  resolved "http://leon.scand:4873/minimatch/-/minimatch-2.0.10.tgz#8d087c39c6b38c001b97fca7ce6d0e1e80afbac7"
  dependencies:
    brace-expansion "^1.0.0"

minimatch@^3.0.2:
  version "3.0.4"
  resolved "http://leon.scand:4873/minimatch/-/minimatch-3.0.4.tgz#5166e286457f03306064be5497e8dbb0c3d32083"
  dependencies:
    brace-expansion "^1.1.7"

minimatch@~0.2.11:
  version "0.2.14"
  resolved "http://leon.scand:4873/minimatch/-/minimatch-0.2.14.tgz#c74e780574f63c6f9a090e90efbe6ef53a6a756a"
  dependencies:
    lru-cache "2"
    sigmund "~1.0.0"

minimist@~0.0.1:
  version "0.0.10"
  resolved "http://leon.scand:4873/minimist/-/minimist-0.0.10.tgz#de3f98543dbf96082be48ad1a0c7cda836301dcf"

node-int64@~0.3.0:
  version "0.3.3"
  resolved "http://leon.scand:4873/node-int64/-/node-int64-0.3.3.tgz#2d6e6b2ece5de8588b43d88d1bc41b26cd1fa84d"

once@^1.3.0, once@^1.4.0:
  version "1.4.0"
  resolved "http://leon.scand:4873/once/-/once-1.4.0.tgz#583b1aa775961d4b113ac17d9c50baef9dd76bd1"
  dependencies:
    wrappy "1"

optimist@^0.6.1:
  version "0.6.1"
  resolved "http://leon.scand:4873/optimist/-/optimist-0.6.1.tgz#da3ea74686fa21a19a111c326e90eb15a0196686"
  dependencies:
    minimist "~0.0.1"
    wordwrap "~0.0.2"

path-is-absolute@^1.0.0:
  version "1.0.1"
  resolved "http://leon.scand:4873/path-is-absolute/-/path-is-absolute-1.0.1.tgz#174b9268735534ffbc7ace6bf53a5a9e1b5c5f5f"

readable-stream@~1.0.2, readable-stream@~1.0.24, readable-stream@~1.0.26, readable-stream@~1.0.33:
  version "1.0.34"
  resolved "http://leon.scand:4873/readable-stream/-/readable-stream-1.0.34.tgz#125820e34bc842d2f2aaafafe4c2916ee32c157c"
  dependencies:
    core-util-is "~1.0.0"
    inherits "~2.0.1"
    isarray "0.0.1"
    string_decoder "~0.10.x"

repeat-string@^1.5.2:
  version "1.6.1"
  resolved "http://leon.scand:4873/repeat-string/-/repeat-string-1.6.1.tgz#8dcae470e1c88abc2d600fff4a776286da75e637"

right-align@^0.1.1:
  version "0.1.3"
  resolved "http://leon.scand:4873/right-align/-/right-align-0.1.3.tgz#61339b722fe6a3515689210d24e14c96148613ef"
  dependencies:
    align-text "^0.1.1"

rimraf@^2.2.8:
  version "2.6.1"
  resolved "http://leon.scand:4873/rimraf/-/rimraf-2.6.1.tgz#c2338ec643df7a1b7fe5c54fa86f57428a55f33d"
  dependencies:
    glob "^7.0.5"

sax@>=0.6.0:
  version "1.2.2"
  resolved "http://leon.scand:4873/sax/-/sax-1.2.2.tgz#fd8631a23bc7826bef5d871bdb87378c95647828"

sigmund@~1.0.0:
  version "1.0.1"
  resolved "http://leon.scand:4873/sigmund/-/sigmund-1.0.1.tgz#3ff21f198cad2175f9f3b781853fd94d0d19b590"

source-map@^0.4.4:
  version "0.4.4"
  resolved "http://leon.scand:4873/source-map/-/source-map-0.4.4.tgz#eba4f5da9c0dc999de68032d8b4f76173652036b"
  dependencies:
    amdefine ">=0.0.4"

source-map@~0.5.1:
  version "0.5.6"
  resolved "http://leon.scand:4873/source-map/-/source-map-0.5.6.tgz#75ce38f52bf0733c5a7f0c118d81334a2bb5f412"

string_decoder@~0.10.x:
  version "0.10.31"
  resolved "http://leon.scand:4873/string_decoder/-/string_decoder-0.10.31.tgz#62e203bc41766c6c28c9fc84301dab1c5310fa94"

tar-stream@~1.1.0:
  version "1.1.5"
  resolved "http://leon.scand:4873/tar-stream/-/tar-stream-1.1.5.tgz#be9218c130c20029e107b0f967fb23de0579d13c"
  dependencies:
    bl "^0.9.0"
    end-of-stream "^1.0.0"
    readable-stream "~1.0.33"
    xtend "^4.0.0"

uglify-js@^2.6:
  version "2.8.27"
  resolved "http://leon.scand:4873/uglify-js/-/uglify-js-2.8.27.tgz#47787f912b0f242e5b984343be8e35e95f694c9c"
  dependencies:
    source-map "~0.5.1"
    yargs "~3.10.0"
  optionalDependencies:
    uglify-to-browserify "~1.0.0"

uglify-to-browserify@~1.0.0:
  version "1.0.2"
  resolved "http://leon.scand:4873/uglify-to-browserify/-/uglify-to-browserify-1.0.2.tgz#6e0924d6bda6b5afe349e39a6d632850a0f882b7"

window-size@0.1.0:
  version "0.1.0"
  resolved "http://leon.scand:4873/window-size/-/window-size-0.1.0.tgz#5438cd2ea93b202efa3a19fe8887aee7c94f9c9d"

wordwrap@0.0.2:
  version "0.0.2"
  resolved "http://leon.scand:4873/wordwrap/-/wordwrap-0.0.2.tgz#b79669bb42ecb409f83d583cad52ca17eaa1643f"

wordwrap@~0.0.2:
  version "0.0.3"
  resolved "http://leon.scand:4873/wordwrap/-/wordwrap-0.0.3.tgz#a3d5da6cd5c0bc0008d37234bbaf1bed63059107"

wrappy@1:
  version "1.0.2"
  resolved "http://leon.scand:4873/wrappy/-/wrappy-1.0.2.tgz#b5243d8f3ec1aa35f1364605bc0d1036e30ab69f"

xml2js@0.4.16:
  version "0.4.16"
  resolved "http://leon.scand:4873/xml2js/-/xml2js-0.4.16.tgz#f82fccd2f9540d7e0a9b5dac163e7471195c9db3"
  dependencies:
    sax ">=0.6.0"
    xmlbuilder "^4.1.0"

xmlbuilder@^4.1.0:
  version "4.2.1"
  resolved "http://leon.scand:4873/xmlbuilder/-/xmlbuilder-4.2.1.tgz#aa58a3041a066f90eaa16c2f5389ff19f3f461a5"
  dependencies:
    lodash "^4.0.0"

xtend@^4.0.0:
  version "4.0.1"
  resolved "http://leon.scand:4873/xtend/-/xtend-4.0.1.tgz#a5c6d532be656e23db820efb943a1f04998d63af"

yargs@~3.10.0:
  version "3.10.0"
  resolved "http://leon.scand:4873/yargs/-/yargs-3.10.0.tgz#f7ee7bd857dd7c1d2d38c0e74efbd681d1431fd1"
  dependencies:
    camelcase "^1.0.2"
    cliui "^2.1.0"
    decamelize "^1.0.0"
    window-size "0.1.0"

zip-stream@~0.5.0:
  version "0.5.2"
  resolved "http://leon.scand:4873/zip-stream/-/zip-stream-0.5.2.tgz#32dcbc506d0dab4d21372625bd7ebaac3c2fff56"
  dependencies:
    compress-commons "~0.2.0"
    lodash "~3.2.0"
    readable-stream "~1.0.26"
